
Microsoft Visual Studio Solution File, Format Version 12.00
# Visual Studio Version 16
VisualStudioVersion = 16.0.31515.178
MinimumVisualStudioVersion = 10.0.40219.1
Project("{FAE04EC0-301F-11D3-BF4B-00C04F79EFBC}") = "StringChecker", "StringChecker\StringChecker.csproj", "{D2AFCA5E-8715-4B59-B90E-16161052DC1A}"
EndProject
Global
	GlobalSection(SolutionConfigurationPlatforms) = preSolution
		Debug|Any CPU = Debug|Any CPU
		Release|Any CPU = Release|Any CPU
	EndGlobalSection
	GlobalSection(ProjectConfigurationPlatforms) = postSolution
		{D2AFCA5E-8715-4B59-B90E-16161052DC1A}.Debug|Any CPU.ActiveCfg = Debug|Any CPU
		{D2AFCA5E-8715-4B59-B90E-16161052DC1A}.Debug|Any CPU.Build.0 = Debug|Any CPU
		{D2AFCA5E-8715-4B59-B90E-16161052DC1A}.Release|Any CPU.ActiveCfg = Release|Any CPU
		{D2AFCA5E-8715-4B59-B90E-16161052DC1A}.Release|Any CPU.Build.0 = Release|Any CPU
	EndGlobalSection
	GlobalSection(SolutionProperties) = preSolution
		HideSolutionNode = FALSE
	EndGlobalSection
	GlobalSection(ExtensibilityGlobals) = postSolution
		SolutionGuid = {EEB32893-7936-4BB3-A87B-411D3AFE99B0}
	EndGlobalSection
EndGlobal
